{
  "name": "helloword",
  "version": "1.0.0",
  "lockfileVersion": 1,
  "requires": true,
  "dependencies": {
    "@discoveryjs/json-ext": {
      "version": "0.5.3",
      "resolved": "http://devops.gsafety.com/nexus/repository/npm_public/@discoveryjs/json-ext/-/json-ext-0.5.3.tgz",
      "integrity": "sha1-kEIPn5xtOYfxdqGafY52QnGi9V0=",
      "dev": true
    },
    "@types/eslint": {
      "version": "7.28.0",
      "resolved": "http://devops.gsafety.com/nexus/repository/npm_public/@types/eslint/-/eslint-7.28.0.tgz",
      "integrity": "sha1-fkHySB0wHGjhT0g/4QsBd1POjVo=",
      "dev": true,
      "requires": {
        "@types/estree": "*",
        "@types/json-schema": "*"
      }
    },
    "@types/eslint-scope": {
      "version": "3.7.1",
      "resolved": "http://devops.gsafety.com/nexus/repository/npm_public/@types/eslint-scope/-/eslint-scope-3.7.1.tgz",
      "integrity": "sha1-jcOQp7T53Z8ShGKe/OmC5BYSEW4=",
      "dev": true,
      "requires": {
        "@types/eslint": "*",
        "@types/estree": "*"
      }
    },
    "@types/estree": {
      "version": "0.0.50",
      "resolved": "http://devops.gsafety.com/nexus/repository/npm_public/@types/estree/-/estree-0.0.50.tgz",
      "integrity": "sha1-Hgyqk2TT/M0pMcPtlv2+ql1MyoM=",
      "dev": true
    },
    "@types/json-schema": {
      "version": "7.0.9",
      "resolved": "http://devops.gsafety.com/nexus/repository/npm_public/@types/json-schema/-/json-schema-7.0.9.tgz",
      "integrity": "sha1-l+3JA36gw4WFMgsolk3eOznkZg0=",
      "dev": true
    },
    "@types/node": {
      "version": "16.7.10",
      "resolved": "http://devops.gsafety.com/nexus/repository/npm_public/@types/node/-/node-16.7.10.tgz",
      "integrity": "sha1-eqcyzEc0HBKha31WL1GcI4O21Pw=",
      "dev": true
    },
    "@webassemblyjs/ast": {
      "version": "1.11.1",
      "resolved": "http://devops.gsafety.com/nexus/repository/npm_public/@webassemblyjs/ast/-/ast-1.11.1.tgz",
      "integrity": "sha1-K/12fq4aaZb0Mv9+jX/HVnnAtqc=",
      "dev": true,
      "requires": {
        "@webassemblyjs/helper-numbers": "1.11.1",
        "@webassemblyjs/helper-wasm-bytecode": "1.11.1"
      }
    },
    "@webassemblyjs/floating-point-hex-parser": {
      "version": "1.11.1",
      "resolved": "http://devops.gsafety.com/nexus/repository/npm_public/@webassemblyjs/floating-point-hex-parser/-/floating-point-hex-parser-1.11.1.tgz",
      "integrity": "sha1-9sYacF8P16auyqToGY8j2dwXnk8=",
      "dev": true
    },
    "@webassemblyjs/helper-api-error": {
      "version": "1.11.1",
      "resolved": "http://devops.gsafety.com/nexus/repository/npm_public/@webassemblyjs/helper-api-error/-/helper-api-error-1.11.1.tgz",
      "integrity": "sha1-GmMZLYeI5cASgAump6RscFKI/RY=",
      "dev": true
    },
    "@webassemblyjs/helper-buffer": {
      "version": "1.11.1",
      "resolved": "http://devops.gsafety.com/nexus/repository/npm_public/@webassemblyjs/helper-buffer/-/helper-buffer-1.11.1.tgz",
      "integrity": "sha1-gyqQDrREiEzemnytRn+BUA9eWrU=",
      "dev": true
    },
    "@webassemblyjs/helper-numbers": {
      "version": "1.11.1",
      "resolved": "http://devops.gsafety.com/nexus/repository/npm_public/@webassemblyjs/helper-numbers/-/helper-numbers-1.11.1.tgz",
      "integrity": "sha1-ZNgdohn7u6HjvRv8dPboxOEKYq4=",
      "dev": true,
      "requires": {
        "@webassemblyjs/floating-point-hex-parser": "1.11.1",
        "@webassemblyjs/helper-api-error": "1.11.1",
        "@xtuc/long": "4.2.2"
      }
    },
    "@webassemblyjs/helper-wasm-bytecode": {
      "version": "1.11.1",
      "resolved": "http://devops.gsafety.com/nexus/repository/npm_public/@webassemblyjs/helper-wasm-bytecode/-/helper-wasm-bytecode-1.11.1.tgz",
      "integrity": "sha1-8ygkHkHnsZnQsgwY6IQpxEMyleE=",
      "dev": true
    },
    "@webassemblyjs/helper-wasm-section": {
      "version": "1.11.1",
      "resolved": "http://devops.gsafety.com/nexus/repository/npm_public/@webassemblyjs/helper-wasm-section/-/helper-wasm-section-1.11.1.tgz",
      "integrity": "sha1-Ie4GWntjXzGec48N1zv72igcCXo=",
      "dev": true,
      "requires": {
        "@webassemblyjs/ast": "1.11.1",
        "@webassemblyjs/helper-buffer": "1.11.1",
        "@webassemblyjs/helper-wasm-bytecode": "1.11.1",
        "@webassemblyjs/wasm-gen": "1.11.1"
      }
    },
    "@webassemblyjs/ieee754": {
      "version": "1.11.1",
      "resolved": "http://devops.gsafety.com/nexus/repository/npm_public/@webassemblyjs/ieee754/-/ieee754-1.11.1.tgz",
      "integrity": "sha1-ljkp6bvQVwnn4SJDoJkYCBKZJhQ=",
      "dev": true,
      "requires": {
        "@xtuc/ieee754": "^1.2.0"
      }
    },
    "@webassemblyjs/leb128": {
      "version": "1.11.1",
      "resolved": "http://devops.gsafety.com/nexus/repository/npm_public/@webassemblyjs/leb128/-/leb128-1.11.1.tgz",
      "integrity": "sha1-zoFLRVdOk9drrh+yZEq5zdlSeqU=",
      "dev": true,
      "requires": {
        "@xtuc/long": "4.2.2"
      }
    },
    "@webassemblyjs/utf8": {
      "version": "1.11.1",
      "resolved": "http://devops.gsafety.com/nexus/repository/npm_public/@webassemblyjs/utf8/-/utf8-1.11.1.tgz",
      "integrity": "sha1-0fi3ZDaefG5rrjUOhU3smlnwo/8=",
      "dev": true
    },
    "@webassemblyjs/wasm-edit": {
      "version": "1.11.1",
      "resolved": "http://devops.gsafety.com/nexus/repository/npm_public/@webassemblyjs/wasm-edit/-/wasm-edit-1.11.1.tgz",
      "integrity": "sha1-rSBuv0v5WgWM6YgKjAksXeyBk9Y=",
      "dev": true,
      "requires": {
        "@webassemblyjs/ast": "1.11.1",
        "@webassemblyjs/helper-buffer": "1.11.1",
        "@webassemblyjs/helper-wasm-bytecode": "1.11.1",
        "@webassemblyjs/helper-wasm-section": "1.11.1",
        "@webassemblyjs/wasm-gen": "1.11.1",
        "@webassemblyjs/wasm-opt": "1.11.1",
        "@webassemblyjs/wasm-parser": "1.11.1",
        "@webassemblyjs/wast-printer": "1.11.1"
      }
    },
    "@webassemblyjs/wasm-gen": {
      "version": "1.11.1",
      "resolved": "http://devops.gsafety.com/nexus/repository/npm_public/@webassemblyjs/wasm-gen/-/wasm-gen-1.11.1.tgz",
      "integrity": "sha1-hsXqMEhJdZt9iMR6MvTwOa48j3Y=",
      "dev": true,
      "requires": {
        "@webassemblyjs/ast": "1.11.1",
        "@webassemblyjs/helper-wasm-bytecode": "1.11.1",
        "@webassemblyjs/ieee754": "1.11.1",
        "@webassemblyjs/leb128": "1.11.1",
        "@webassemblyjs/utf8": "1.11.1"
      }
    },
    "@webassemblyjs/wasm-opt": {
      "version": "1.11.1",
      "resolved": "http://devops.gsafety.com/nexus/repository/npm_public/@webassemblyjs/wasm-opt/-/wasm-opt-1.11.1.tgz",
      "integrity": "sha1-ZXtMIgL0zzs0X4pMZGHIwkGJhfI=",
      "dev": true,
      "requires": {
        "@webassemblyjs/ast": "1.11.1",
        "@webassemblyjs/helper-buffer": "1.11.1",
        "@webassemblyjs/wasm-gen": "1.11.1",
        "@webassemblyjs/wasm-parser": "1.11.1"
      }
    },
    "@webassemblyjs/wasm-parser": {
      "version": "1.11.1",
      "resolved": "http://devops.gsafety.com/nexus/repository/npm_public/@webassemblyjs/wasm-parser/-/wasm-parser-1.11.1.tgz",
      "integrity": "sha1-hspzRTT0F+m9PGfHocddi+QfsZk=",
      "dev": true,
      "requires": {
        "@webassemblyjs/ast": "1.11.1",
        "@webassemblyjs/helper-api-error": "1.11.1",
        "@webassemblyjs/helper-wasm-bytecode": "1.11.1",
        "@webassemblyjs/ieee754": "1.11.1",
        "@webassemblyjs/leb128": "1.11.1",
        "@webassemblyjs/utf8": "1.11.1"
      }
    },
    "@webassemblyjs/wast-printer": {
      "version": "1.11.1",
      "resolved": "http://devops.gsafety.com/nexus/repository/npm_public/@webassemblyjs/wast-printer/-/wast-printer-1.11.1.tgz",
      "integrity": "sha1-0Mc77ajuxUJvEK6O9VzuXnCEwvA=",
      "dev": true,
      "requires": {
        "@webassemblyjs/ast": "1.11.1",
        "@xtuc/long": "4.2.2"
      }
    },
    "@webpack-cli/configtest": {
      "version": "1.0.4",
      "resolved": "http://devops.gsafety.com/nexus/repository/npm_public/@webpack-cli/configtest/-/configtest-1.0.4.tgz",
      "integrity": "sha1-8DzmMRwIg6g9BFaeLAPGI4MW0qo=",
      "dev": true
    },
    "@webpack-cli/info": {
      "version": "1.3.0",
      "resolved": "http://devops.gsafety.com/nexus/repository/npm_public/@webpack-cli/info/-/info-1.3.0.tgz",
      "integrity": "sha1-nXijEQGpYJl6Ss1B/9m5MAYn/is=",
      "dev": true,
      "requires": {
        "envinfo": "^7.7.3"
      }
    },
    "@webpack-cli/serve": {
      "version": "1.5.2",
      "resolved": "http://devops.gsafety.com/nexus/repository/npm_public/@webpack-cli/serve/-/serve-1.5.2.tgz",
      "integrity": "sha1-6lhLY3/2PFpHf28hYEtaIFtyyew=",
      "dev": true
    },
    "@xtuc/ieee754": {
      "version": "1.2.0",
      "resolved": "http://devops.gsafety.com/nexus/repository/npm_public/@xtuc/ieee754/-/ieee754-1.2.0.tgz",
      "integrity": "sha1-7vAUoxRa5Hehy8AM0eVSM23Ot5A=",
      "dev": true
    },
    "@xtuc/long": {
      "version": "4.2.2",
      "resolved": "http://devops.gsafety.com/nexus/repository/npm_public/@xtuc/long/-/long-4.2.2.tgz",
      "integrity": "sha1-0pHGpOl5ibXGHZrPOWrk/hM6cY0=",
      "dev": true
    },
    "acorn": {
      "version": "8.4.1",
      "resolved": "http://devops.gsafety.com/nexus/repository/npm_public/acorn/-/acorn-8.4.1.tgz",
      "integrity": "sha1-VsNiUfx8q8cJatwY8Fr+gUMhoow=",
      "dev": true
    },
    "acorn-import-assertions": {
      "version": "1.7.6",
      "resolved": "http://devops.gsafety.com/nexus/repository/npm_public/acorn-import-assertions/-/acorn-import-assertions-1.7.6.tgz",
      "integrity": "sha1-WA4//K5ncO6+7HbDuXIyAenQH3g=",
      "dev": true
    },
    "ajv": {
      "version": "6.12.6",
      "resolved": "http://devops.gsafety.com/nexus/repository/npm_public/ajv/-/ajv-6.12.6.tgz",
      "integrity": "sha1-uvWmLoArB9l3A0WG+MO69a3ybfQ=",
      "dev": true,
      "requires": {
        "fast-deep-equal": "^3.1.1",
        "fast-json-stable-stringify": "^2.0.0",
        "json-schema-traverse": "^0.4.1",
        "uri-js": "^4.2.2"
      }
    },
    "ajv-keywords": {
      "version": "3.5.2",
      "resolved": "http://devops.gsafety.com/nexus/repository/npm_public/ajv-keywords/-/ajv-keywords-3.5.2.tgz",
      "integrity": "sha1-MfKdpatuANHC0yms97WSlhTVAU0=",
      "dev": true
    },
    "browserslist": {
      "version": "4.17.0",
      "resolved": "http://devops.gsafety.com/nexus/repository/npm_public/browserslist/-/browserslist-4.17.0.tgz",
      "integrity": "sha1-H82B7HW0HW1JlPsIMbkqwYwBZJw=",
      "dev": true,
      "requires": {
        "caniuse-lite": "^1.0.30001254",
        "colorette": "^1.3.0",
        "electron-to-chromium": "^1.3.830",
        "escalade": "^3.1.1",
        "node-releases": "^1.1.75"
      }
    },
    "buffer-from": {
      "version": "1.1.2",
      "resolved": "http://devops.gsafety.com/nexus/repository/npm_public/buffer-from/-/buffer-from-1.1.2.tgz",
      "integrity": "sha1-KxRqb9cugLT1XSVfNe1Zo6mkG9U=",
      "dev": true
    },
    "caniuse-lite": {
      "version": "1.0.30001255",
      "resolved": "http://devops.gsafety.com/nexus/repository/npm_public/caniuse-lite/-/caniuse-lite-1.0.30001255.tgz",
      "integrity": "sha1-87CbWatS4551GlaVI2GPR8QpjKA=",
      "dev": true
    },
    "chrome-trace-event": {
      "version": "1.0.3",
      "resolved": "http://devops.gsafety.com/nexus/repository/npm_public/chrome-trace-event/-/chrome-trace-event-1.0.3.tgz",
      "integrity": "sha1-EBXs7UdB4V0GZkqVfbv1DQQeJqw=",
      "dev": true
    },
    "clone-deep": {
      "version": "4.0.1",
      "resolved": "http://devops.gsafety.com/nexus/repository/npm_public/clone-deep/-/clone-deep-4.0.1.tgz",
      "integrity": "sha1-wZ/Zvbv4WUK0/ZechNz31fB8I4c=",
      "dev": true,
      "requires": {
        "is-plain-object": "^2.0.4",
        "kind-of": "^6.0.2",
        "shallow-clone": "^3.0.0"
      }
    },
    "colorette": {
      "version": "1.3.0",
      "resolved": "http://devops.gsafety.com/nexus/repository/npm_public/colorette/-/colorette-1.3.0.tgz",
      "integrity": "sha1-/0XS8O2yRAadO3cq3rBP7TjQoK8=",
      "dev": true
    },
    "commander": {
      "version": "2.20.3",
      "resolved": "http://devops.gsafety.com/nexus/repository/npm_public/commander/-/commander-2.20.3.tgz",
      "integrity": "sha1-/UhehMA+tIgcIHIrpIA16FMa6zM=",
      "dev": true
    },
    "cross-spawn": {
      "version": "7.0.3",
      "resolved": "http://devops.gsafety.com/nexus/repository/npm_public/cross-spawn/-/cross-spawn-7.0.3.tgz",
      "integrity": "sha1-9zqFudXUHQRVUcF34ogtSshXKKY=",
      "dev": true,
      "requires": {
        "path-key": "^3.1.0",
        "shebang-command": "^2.0.0",
        "which": "^2.0.1"
      }
    },
    "electron-to-chromium": {
      "version": "1.3.830",
      "resolved": "http://devops.gsafety.com/nexus/repository/npm_public/electron-to-chromium/-/electron-to-chromium-1.3.830.tgz",
      "integrity": "sha1-QOMUQgT4yhGyzr7IPPFMINNJkjY=",
      "dev": true
    },
    "enhanced-resolve": {
      "version": "5.8.2",
      "resolved": "http://devops.gsafety.com/nexus/repository/npm_public/enhanced-resolve/-/enhanced-resolve-5.8.2.tgz",
      "integrity": "sha1-Fd3HeTRcu3PpfGEc0AwBwee/TYs=",
      "dev": true,
      "requires": {
        "graceful-fs": "^4.2.4",
        "tapable": "^2.2.0"
      }
    },
    "envinfo": {
      "version": "7.8.1",
      "resolved": "http://devops.gsafety.com/nexus/repository/npm_public/envinfo/-/envinfo-7.8.1.tgz",
      "integrity": "sha1-Bjd+Pl9NN5/qesWS1a2JJ+DE1HU=",
      "dev": true
    },
    "es-module-lexer": {
      "version": "0.7.1",
      "resolved": "http://devops.gsafety.com/nexus/repository/npm_public/es-module-lexer/-/es-module-lexer-0.7.1.tgz",
      "integrity": "sha1-wsjg9G8t8GJ0za8N0/OzPgoLJn0=",
      "dev": true
    },
    "escalade": {
      "version": "3.1.1",
      "resolved": "http://devops.gsafety.com/nexus/repository/npm_public/escalade/-/escalade-3.1.1.tgz",
      "integrity": "sha1-2M/ccACWXFoBdLSoLqpcBVJ0LkA=",
      "dev": true
    },
    "eslint-scope": {
      "version": "5.1.1",
      "resolved": "http://devops.gsafety.com/nexus/repository/npm_public/eslint-scope/-/eslint-scope-5.1.1.tgz",
      "integrity": "sha1-54blmmbLkrP2wfsNUIqrF0hI9Iw=",
      "dev": true,
      "requires": {
        "esrecurse": "^4.3.0",
        "estraverse": "^4.1.1"
      }
    },
    "esrecurse": {
      "version": "4.3.0",
      "resolved": "http://devops.gsafety.com/nexus/repository/npm_public/esrecurse/-/esrecurse-4.3.0.tgz",
      "integrity": "sha1-eteWTWeauyi+5yzsY3WLHF0smSE=",
      "dev": true,
      "requires": {
        "estraverse": "^5.2.0"
      },
      "dependencies": {
        "estraverse": {
          "version": "5.2.0",
          "resolved": "http://devops.gsafety.com/nexus/repository/npm_public/estraverse/-/estraverse-5.2.0.tgz",
          "integrity": "sha1-MH30JUfmzHMk088DwVXVzbjFOIA=",
          "dev": true
        }
      }
    },
    "estraverse": {
      "version": "4.3.0",
      "resolved": "http://devops.gsafety.com/nexus/repository/npm_public/estraverse/-/estraverse-4.3.0.tgz",
      "integrity": "sha1-OYrT88WiSUi+dyXoPRGn3ijNvR0=",
      "dev": true
    },
    "events": {
      "version": "3.3.0",
      "resolved": "http://devops.gsafety.com/nexus/repository/npm_public/events/-/events-3.3.0.tgz",
      "integrity": "sha1-Mala0Kkk4tLEGagTrrLE6HjqdAA=",
      "dev": true
    },
    "execa": {
      "version": "5.1.1",
      "resolved": "http://devops.gsafety.com/nexus/repository/npm_public/execa/-/execa-5.1.1.tgz",
      "integrity": "sha1-+ArZy/Qpj3vR1MlVXCHpN0HEEd0=",
      "dev": true,
      "requires": {
        "cross-spawn": "^7.0.3",
        "get-stream": "^6.0.0",
        "human-signals": "^2.1.0",
        "is-stream": "^2.0.0",
        "merge-stream": "^2.0.0",
        "npm-run-path": "^4.0.1",
        "onetime": "^5.1.2",
        "signal-exit": "^3.0.3",
        "strip-final-newline": "^2.0.0"
      }
    },
    "fast-deep-equal": {
      "version": "3.1.3",
      "resolved": "http://devops.gsafety.com/nexus/repository/npm_public/fast-deep-equal/-/fast-deep-equal-3.1.3.tgz",
      "integrity": "sha1-On1WtVnWy8PrUSMlJE5hmmXGxSU=",
      "dev": true
    },
    "fast-json-stable-stringify": {
      "version": "2.1.0",
      "resolved": "http://devops.gsafety.com/nexus/repository/npm_public/fast-json-stable-stringify/-/fast-json-stable-stringify-2.1.0.tgz",
      "integrity": "sha1-h0v2nG9ATCtdmcSBNBOZ/VWJJjM=",
      "dev": true
    },
    "fastest-levenshtein": {
      "version": "1.0.12",
      "resolved": "http://devops.gsafety.com/nexus/repository/npm_public/fastest-levenshtein/-/fastest-levenshtein-1.0.12.tgz",
      "integrity": "sha1-mZD306iMxan/0fF0V0UlFwDUl+I=",
      "dev": true
    },
    "find-up": {
      "version": "4.1.0",
      "resolved": "http://devops.gsafety.com/nexus/repository/npm_public/find-up/-/find-up-4.1.0.tgz",
      "integrity": "sha1-l6/n1s3AvFkoWEt8jXsW6KmqXRk=",
      "dev": true,
      "requires": {
        "locate-path": "^5.0.0",
        "path-exists": "^4.0.0"
      }
    },
    "function-bind": {
      "version": "1.1.1",
      "resolved": "http://devops.gsafety.com/nexus/repository/npm_public/function-bind/-/function-bind-1.1.1.tgz",
      "integrity": "sha1-pWiZ0+o8m6uHS7l3O3xe3pL0iV0=",
      "dev": true
    },
    "get-stream": {
      "version": "6.0.1",
      "resolved": "http://devops.gsafety.com/nexus/repository/npm_public/get-stream/-/get-stream-6.0.1.tgz",
      "integrity": "sha1-omLY7vZ6ztV8KFKtYWdSakPL97c=",
      "dev": true
    },
    "glob-to-regexp": {
      "version": "0.4.1",
      "resolved": "http://devops.gsafety.com/nexus/repository/npm_public/glob-to-regexp/-/glob-to-regexp-0.4.1.tgz",
      "integrity": "sha1-x1KXCHyFG5pXi9IX3VmpL1n+VG4=",
      "dev": true
    },
    "graceful-fs": {
      "version": "4.2.8",
      "resolved": "http://devops.gsafety.com/nexus/repository/npm_public/graceful-fs/-/graceful-fs-4.2.8.tgz",
      "integrity": "sha1-5BK40z9eAGWTy9PO5t+fLOu+gCo=",
      "dev": true
    },
    "has": {
      "version": "1.0.3",
      "resolved": "http://devops.gsafety.com/nexus/repository/npm_public/has/-/has-1.0.3.tgz",
      "integrity": "sha1-ci18v8H2qoJB8W3YFOAR4fQeh5Y=",
      "dev": true,
      "requires": {
        "function-bind": "^1.1.1"
      }
    },
    "has-flag": {
      "version": "4.0.0",
      "resolved": "http://devops.gsafety.com/nexus/repository/npm_public/has-flag/-/has-flag-4.0.0.tgz",
      "integrity": "sha1-lEdx/ZyByBJlxNaUGGDaBrtZR5s=",
      "dev": true
    },
    "human-signals": {
      "version": "2.1.0",
      "resolved": "http://devops.gsafety.com/nexus/repository/npm_public/human-signals/-/human-signals-2.1.0.tgz",
      "integrity": "sha1-3JH8ukLk0G5Kuu0zs+ejwC9RTqA=",
      "dev": true
    },
    "import-local": {
      "version": "3.0.2",
      "resolved": "http://devops.gsafety.com/nexus/repository/npm_public/import-local/-/import-local-3.0.2.tgz",
      "integrity": "sha1-qM/QQx0d5KIZlwPQA+PmI2T6bbY=",
      "dev": true,
      "requires": {
        "pkg-dir": "^4.2.0",
        "resolve-cwd": "^3.0.0"
      }
    },
    "interpret": {
      "version": "2.2.0",
      "resolved": "http://devops.gsafety.com/nexus/repository/npm_public/interpret/-/interpret-2.2.0.tgz",
      "integrity": "sha1-GnigtZZcQKVBbQB61vUK0nxBffk=",
      "dev": true
    },
    "is-core-module": {
      "version": "2.6.0",
      "resolved": "http://devops.gsafety.com/nexus/repository/npm_public/is-core-module/-/is-core-module-2.6.0.tgz",
      "integrity": "sha1-11U7JSb+Wbkro+QMjfdX7Ipwnhk=",
      "dev": true,
      "requires": {
        "has": "^1.0.3"
      }
    },
    "is-plain-object": {
      "version": "2.0.4",
      "resolved": "http://devops.gsafety.com/nexus/repository/npm_public/is-plain-object/-/is-plain-object-2.0.4.tgz",
      "integrity": "sha1-LBY7P6+xtgbZ0Xko8FwqHDjgdnc=",
      "dev": true,
      "requires": {
        "isobject": "^3.0.1"
      }
    },
    "is-stream": {
      "version": "2.0.1",
      "resolved": "http://devops.gsafety.com/nexus/repository/npm_public/is-stream/-/is-stream-2.0.1.tgz",
      "integrity": "sha1-+sHj1TuXrVqdCunO8jifWBClwHc=",
      "dev": true
    },
    "isexe": {
      "version": "2.0.0",
      "resolved": "http://devops.gsafety.com/nexus/repository/npm_public/isexe/-/isexe-2.0.0.tgz",
      "integrity": "sha1-6PvzdNxVb/iUehDcsFctYz8s+hA=",
      "dev": true
    },
    "isobject": {
      "version": "3.0.1",
      "resolved": "http://devops.gsafety.com/nexus/repository/npm_public/isobject/-/isobject-3.0.1.tgz",
      "integrity": "sha1-TkMekrEalzFjaqH5yNHMvP2reN8=",
      "dev": true
    },
    "jest-worker": {
      "version": "27.1.0",
      "resolved": "http://devops.gsafety.com/nexus/repository/npm_public/jest-worker/-/jest-worker-27.1.0.tgz",
      "integrity": "sha1-ZfSojjcUjtmEuoyoSS1rN2k4wKo=",
      "dev": true,
      "requires": {
        "@types/node": "*",
        "merge-stream": "^2.0.0",
        "supports-color": "^8.0.0"
      }
    },
    "json-parse-better-errors": {
      "version": "1.0.2",
      "resolved": "http://devops.gsafety.com/nexus/repository/npm_public/json-parse-better-errors/-/json-parse-better-errors-1.0.2.tgz",
      "integrity": "sha1-u4Z8+zRQ5pEHwTHRxRS6s9yLyqk=",
      "dev": true
    },
    "json-schema-traverse": {
      "version": "0.4.1",
      "resolved": "http://devops.gsafety.com/nexus/repository/npm_public/json-schema-traverse/-/json-schema-traverse-0.4.1.tgz",
      "integrity": "sha1-afaofZUTq4u4/mO9sJecRI5oRmA=",
      "dev": true
    },
    "kind-of": {
      "version": "6.0.3",
      "resolved": "http://devops.gsafety.com/nexus/repository/npm_public/kind-of/-/kind-of-6.0.3.tgz",
      "integrity": "sha1-B8BQNKbDSfoG4k+jWqdttFgM5N0=",
      "dev": true
    },
    "loader-runner": {
      "version": "4.2.0",
      "resolved": "http://devops.gsafety.com/nexus/repository/npm_public/loader-runner/-/loader-runner-4.2.0.tgz",
      "integrity": "sha1-1wIjgNZtFMX7HUlriYZOvP1Hg4Q=",
      "dev": true
    },
    "locate-path": {
      "version": "5.0.0",
      "resolved": "http://devops.gsafety.com/nexus/repository/npm_public/locate-path/-/locate-path-5.0.0.tgz",
      "integrity": "sha1-Gvujlq/WdqbUJQTQpno6frn2KqA=",
      "dev": true,
      "requires": {
        "p-locate": "^4.1.0"
      }
    },
    "merge-stream": {
      "version": "2.0.0",
      "resolved": "http://devops.gsafety.com/nexus/repository/npm_public/merge-stream/-/merge-stream-2.0.0.tgz",
      "integrity": "sha1-UoI2KaFN0AyXcPtq1H3GMQ8sH2A=",
      "dev": true
    },
    "mime-db": {
      "version": "1.49.0",
      "resolved": "http://devops.gsafety.com/nexus/repository/npm_public/mime-db/-/mime-db-1.49.0.tgz",
      "integrity": "sha1-89/eYMmenPO8lwHWh3ePU3ABy+0=",
      "dev": true
    },
    "mime-types": {
      "version": "2.1.32",
      "resolved": "http://devops.gsafety.com/nexus/repository/npm_public/mime-types/-/mime-types-2.1.32.tgz",
      "integrity": "sha1-HQDonn3n/gIAjbYQAdngKFJnD9U=",
      "dev": true,
      "requires": {
        "mime-db": "1.49.0"
      }
    },
    "mimic-fn": {
      "version": "2.1.0",
      "resolved": "http://devops.gsafety.com/nexus/repository/npm_public/mimic-fn/-/mimic-fn-2.1.0.tgz",
      "integrity": "sha1-ftLCzMyvhNP/y3pptXcR/CCDQBs=",
      "dev": true
    },
    "neo-async": {
      "version": "2.6.2",
      "resolved": "http://devops.gsafety.com/nexus/repository/npm_public/neo-async/-/neo-async-2.6.2.tgz",
      "integrity": "sha1-tKr7k+OustgXTKU88WOrfXMIMF8=",
      "dev": true
    },
    "node-releases": {
      "version": "1.1.75",
      "resolved": "http://devops.gsafety.com/nexus/repository/npm_public/node-releases/-/node-releases-1.1.75.tgz",
      "integrity": "sha1-bdjIdrmJehuOWgLeJq+nm7VOu/4=",
      "dev": true
    },
    "npm-run-path": {
      "version": "4.0.1",
      "resolved": "http://devops.gsafety.com/nexus/repository/npm_public/npm-run-path/-/npm-run-path-4.0.1.tgz",
      "integrity": "sha1-t+zR5e1T2o43pV4cImnguX7XSOo=",
      "dev": true,
      "requires": {
        "path-key": "^3.0.0"
      }
    },
    "onetime": {
      "version": "5.1.2",
      "resolved": "http://devops.gsafety.com/nexus/repository/npm_public/onetime/-/onetime-5.1.2.tgz",
      "integrity": "sha1-0Oluu1awdHbfHdnEgG5SN5hcpF4=",
      "dev": true,
      "requires": {
        "mimic-fn": "^2.1.0"
      }
    },
    "p-limit": {
      "version": "3.1.0",
      "resolved": "http://devops.gsafety.com/nexus/repository/npm_public/p-limit/-/p-limit-3.1.0.tgz",
      "integrity": "sha1-4drMvnjQ0TiMoYxk/qOOPlfjcGs=",
      "dev": true,
      "requires": {
        "yocto-queue": "^0.1.0"
      }
    },
    "p-locate": {
      "version": "4.1.0",
      "resolved": "http://devops.gsafety.com/nexus/repository/npm_public/p-locate/-/p-locate-4.1.0.tgz",
      "integrity": "sha1-o0KLtwiLOmApL2aRkni3wpetTwc=",
      "dev": true,
      "requires": {
        "p-limit": "^2.2.0"
      },
      "dependencies": {
        "p-limit": {
          "version": "2.3.0",
          "resolved": "http://devops.gsafety.com/nexus/repository/npm_public/p-limit/-/p-limit-2.3.0.tgz",
          "integrity": "sha1-PdM8ZHohT9//2DWTPrCG2g3CHbE=",
          "dev": true,
          "requires": {
            "p-try": "^2.0.0"
          }
        }
      }
    },
    "p-try": {
      "version": "2.2.0",
      "resolved": "http://devops.gsafety.com/nexus/repository/npm_public/p-try/-/p-try-2.2.0.tgz",
      "integrity": "sha1-yyhoVA4xPWHeWPr741zpAE1VQOY=",
      "dev": true
    },
    "path-exists": {
      "version": "4.0.0",
      "resolved": "http://devops.gsafety.com/nexus/repository/npm_public/path-exists/-/path-exists-4.0.0.tgz",
      "integrity": "sha1-UTvb4tO5XXdi6METfvoZXGxhtbM=",
      "dev": true
    },
    "path-key": {
      "version": "3.1.1",
      "resolved": "http://devops.gsafety.com/nexus/repository/npm_public/path-key/-/path-key-3.1.1.tgz",
      "integrity": "sha1-WB9q3mWMu6ZaDTOA3ndTKVBU83U=",
      "dev": true
    },
    "path-parse": {
      "version": "1.0.7",
      "resolved": "http://devops.gsafety.com/nexus/repository/npm_public/path-parse/-/path-parse-1.0.7.tgz",
      "integrity": "sha1-+8EUtgykKzDZ2vWFjkvWi77bZzU=",
      "dev": true
    },
    "pkg-dir": {
      "version": "4.2.0",
      "resolved": "http://devops.gsafety.com/nexus/repository/npm_public/pkg-dir/-/pkg-dir-4.2.0.tgz",
      "integrity": "sha1-8JkTPfft5CLoHR2ESCcO6z5CYfM=",
      "dev": true,
      "requires": {
        "find-up": "^4.0.0"
      }
    },
    "punycode": {
      "version": "2.1.1",
      "resolved": "http://devops.gsafety.com/nexus/repository/npm_public/punycode/-/punycode-2.1.1.tgz",
      "integrity": "sha1-tYsBCsQMIsVldhbI0sLALHv0eew=",
      "dev": true
    },
    "randombytes": {
      "version": "2.1.0",
      "resolved": "http://devops.gsafety.com/nexus/repository/npm_public/randombytes/-/randombytes-2.1.0.tgz",
      "integrity": "sha1-32+ENy8CcNxlzfYpE0mrekc9Tyo=",
      "dev": true,
      "requires": {
        "safe-buffer": "^5.1.0"
      }
    },
    "rechoir": {
      "version": "0.7.1",
      "resolved": "http://devops.gsafety.com/nexus/repository/npm_public/rechoir/-/rechoir-0.7.1.tgz",
      "integrity": "sha1-lHipahyhNbXoj8An8D7pLWxkVoY=",
      "dev": true,
      "requires": {
        "resolve": "^1.9.0"
      }
    },
    "resolve": {
      "version": "1.20.0",
      "resolved": "http://devops.gsafety.com/nexus/repository/npm_public/resolve/-/resolve-1.20.0.tgz",
      "integrity": "sha1-YpoBP7P3B1XW8LeTXMHCxTeLGXU=",
      "dev": true,
      "requires": {
        "is-core-module": "^2.2.0",
        "path-parse": "^1.0.6"
      }
    },
    "resolve-cwd": {
      "version": "3.0.0",
      "resolved": "http://devops.gsafety.com/nexus/repository/npm_public/resolve-cwd/-/resolve-cwd-3.0.0.tgz",
      "integrity": "sha1-DwB18bslRHZs9zumpuKt/ryxPy0=",
      "dev": true,
      "requires": {
        "resolve-from": "^5.0.0"
      }
    },
    "resolve-from": {
      "version": "5.0.0",
      "resolved": "http://devops.gsafety.com/nexus/repository/npm_public/resolve-from/-/resolve-from-5.0.0.tgz",
      "integrity": "sha1-w1IlhD3493bfIcV1V7wIfp39/Gk=",
      "dev": true
    },
    "safe-buffer": {
      "version": "5.2.1",
      "resolved": "http://devops.gsafety.com/nexus/repository/npm_public/safe-buffer/-/safe-buffer-5.2.1.tgz",
      "integrity": "sha1-Hq+fqb2x/dTsdfWPnNtOa3gn7sY=",
      "dev": true
    },
    "schema-utils": {
      "version": "3.1.1",
      "resolved": "http://devops.gsafety.com/nexus/repository/npm_public/schema-utils/-/schema-utils-3.1.1.tgz",
      "integrity": "sha1-vHTEtraZXB2I92qLd76nIZ4MgoE=",
      "dev": true,
      "requires": {
        "@types/json-schema": "^7.0.8",
        "ajv": "^6.12.5",
        "ajv-keywords": "^3.5.2"
      }
    },
    "serialize-javascript": {
      "version": "6.0.0",
      "resolved": "http://devops.gsafety.com/nexus/repository/npm_public/serialize-javascript/-/serialize-javascript-6.0.0.tgz",
      "integrity": "sha1-765diPRdeSQUHai1w6en5mP+/rg=",
      "dev": true,
      "requires": {
        "randombytes": "^2.1.0"
      }
    },
    "shallow-clone": {
      "version": "3.0.1",
      "resolved": "http://devops.gsafety.com/nexus/repository/npm_public/shallow-clone/-/shallow-clone-3.0.1.tgz",
      "integrity": "sha1-jymBrZJTH1UDWwH7IwdppA4C76M=",
      "dev": true,
      "requires": {
        "kind-of": "^6.0.2"
      }
    },
    "shebang-command": {
      "version": "2.0.0",
      "resolved": "http://devops.gsafety.com/nexus/repository/npm_public/shebang-command/-/shebang-command-2.0.0.tgz",
      "integrity": "sha1-zNCvT4g1+9wmW4JGGq8MNmY/NOo=",
      "dev": true,
      "requires": {
        "shebang-regex": "^3.0.0"
      }
    },
    "shebang-regex": {
      "version": "3.0.0",
      "resolved": "http://devops.gsafety.com/nexus/repository/npm_public/shebang-regex/-/shebang-regex-3.0.0.tgz",
      "integrity": "sha1-rhbxZE2HPsrYQ7AwexQzYtTEIXI=",
      "dev": true
    },
    "signal-exit": {
      "version": "3.0.3",
      "resolved": "http://devops.gsafety.com/nexus/repository/npm_public/signal-exit/-/signal-exit-3.0.3.tgz",
      "integrity": "sha1-oUEMLt2PB3sItOJTyOrPyvBXRhw=",
      "dev": true
    },
    "source-map": {
      "version": "0.6.1",
      "resolved": "http://devops.gsafety.com/nexus/repository/npm_public/source-map/-/source-map-0.6.1.tgz",
      "integrity": "sha1-dHIq8y6WFOnCh6jQu95IteLxomM=",
      "dev": true
    },
    "source-map-support": {
      "version": "0.5.19",
      "resolved": "http://devops.gsafety.com/nexus/repository/npm_public/source-map-support/-/source-map-support-0.5.19.tgz",
      "integrity": "sha1-qYti+G3K9PZzmWSMCFKRq56P7WE=",
      "dev": true,
      "requires": {
        "buffer-from": "^1.0.0",
        "source-map": "^0.6.0"
      }
    },
    "strip-final-newline": {
      "version": "2.0.0",
      "resolved": "http://devops.gsafety.com/nexus/repository/npm_public/strip-final-newline/-/strip-final-newline-2.0.0.tgz",
      "integrity": "sha1-ibhS+y/L6Tb29LMYevsKEsGrWK0=",
      "dev": true
    },
    "supports-color": {
      "version": "8.1.1",
      "resolved": "http://devops.gsafety.com/nexus/repository/npm_public/supports-color/-/supports-color-8.1.1.tgz",
      "integrity": "sha1-zW/BfihQDP9WwbhsCn/UpUpzAFw=",
      "dev": true,
      "requires": {
        "has-flag": "^4.0.0"
      }
    },
    "tapable": {
      "version": "2.2.0",
      "resolved": "http://devops.gsafety.com/nexus/repository/npm_public/tapable/-/tapable-2.2.0.tgz",
      "integrity": "sha1-XDc9KB2cZyhIIT0OA30cQWWrQms=",
      "dev": true
    },
    "terser": {
      "version": "5.7.2",
      "resolved": "http://devops.gsafety.com/nexus/repository/npm_public/terser/-/terser-5.7.2.tgz",
      "integrity": "sha1-1Nle1Pi/c1y5M+gC8qGCmr9UXj8=",
      "dev": true,
      "requires": {
        "commander": "^2.20.0",
        "source-map": "~0.7.2",
        "source-map-support": "~0.5.19"
      },
      "dependencies": {
        "source-map": {
          "version": "0.7.3",
          "resolved": "http://devops.gsafety.com/nexus/repository/npm_public/source-map/-/source-map-0.7.3.tgz",
          "integrity": "sha1-UwL4FpAxc1ImVECS5kmB91F1A4M=",
          "dev": true
        }
      }
    },
    "terser-webpack-plugin": {
      "version": "5.2.3",
      "resolved": "http://devops.gsafety.com/nexus/repository/npm_public/terser-webpack-plugin/-/terser-webpack-plugin-5.2.3.tgz",
      "integrity": "sha1-SFLJH3CaTqK88yTPSOfogSTNoMw=",
      "dev": true,
      "requires": {
        "jest-worker": "^27.0.6",
        "p-limit": "^3.1.0",
        "schema-utils": "^3.1.1",
        "serialize-javascript": "^6.0.0",
        "source-map": "^0.6.1",
        "terser": "^5.7.2"
      }
    },
    "uri-js": {
      "version": "4.4.1",
      "resolved": "http://devops.gsafety.com/nexus/repository/npm_public/uri-js/-/uri-js-4.4.1.tgz",
      "integrity": "sha1-mxpSWVIlhZ5V9mnZKPiMbFfyp34=",
      "dev": true,
      "requires": {
        "punycode": "^2.1.0"
      }
    },
    "v8-compile-cache": {
      "version": "2.3.0",
      "resolved": "http://devops.gsafety.com/nexus/repository/npm_public/v8-compile-cache/-/v8-compile-cache-2.3.0.tgz",
      "integrity": "sha1-LeGWGMZtwkfc+2+ZM4A12CRaLO4=",
      "dev": true
    },
    "watchpack": {
      "version": "2.2.0",
      "resolved": "http://devops.gsafety.com/nexus/repository/npm_public/watchpack/-/watchpack-2.2.0.tgz",
      "integrity": "sha1-R9ePVBX+VQ7NdA+Z/iiCMjpYsc4=",
      "dev": true,
      "requires": {
        "glob-to-regexp": "^0.4.1",
        "graceful-fs": "^4.1.2"
      }
    },
    "webpack": {
      "version": "5.52.0",
      "resolved": "http://devops.gsafety.com/nexus/repository/npm_public/webpack/-/webpack-5.52.0.tgz",
      "integrity": "sha1-iNmXwsPrtiq8qkU9Kibg/ZF8caM=",
      "dev": true,
      "requires": {
        "@types/eslint-scope": "^3.7.0",
        "@types/estree": "^0.0.50",
        "@webassemblyjs/ast": "1.11.1",
        "@webassemblyjs/wasm-edit": "1.11.1",
        "@webassemblyjs/wasm-parser": "1.11.1",
        "acorn": "^8.4.1",
        "acorn-import-assertions": "^1.7.6",
        "browserslist": "^4.14.5",
        "chrome-trace-event": "^1.0.2",
        "enhanced-resolve": "^5.8.0",
        "es-module-lexer": "^0.7.1",
        "eslint-scope": "5.1.1",
        "events": "^3.2.0",
        "glob-to-regexp": "^0.4.1",
        "graceful-fs": "^4.2.4",
        "json-parse-better-errors": "^1.0.2",
        "loader-runner": "^4.2.0",
        "mime-types": "^2.1.27",
        "neo-async": "^2.6.2",
        "schema-utils": "^3.1.0",
        "tapable": "^2.1.1",
        "terser-webpack-plugin": "^5.1.3",
        "watchpack": "^2.2.0",
        "webpack-sources": "^3.2.0"
      }
    },
    "webpack-cli": {
      "version": "4.8.0",
      "resolved": "http://devops.gsafety.com/nexus/repository/npm_public/webpack-cli/-/webpack-cli-4.8.0.tgz",
      "integrity": "sha1-X8PIuUAdPIpD4q/OrPqCYZYjONE=",
      "dev": true,
      "requires": {
        "@discoveryjs/json-ext": "^0.5.0",
        "@webpack-cli/configtest": "^1.0.4",
        "@webpack-cli/info": "^1.3.0",
        "@webpack-cli/serve": "^1.5.2",
        "colorette": "^1.2.1",
        "commander": "^7.0.0",
        "execa": "^5.0.0",
        "fastest-levenshtein": "^1.0.12",
        "import-local": "^3.0.2",
        "interpret": "^2.2.0",
        "rechoir": "^0.7.0",
        "v8-compile-cache": "^2.2.0",
        "webpack-merge": "^5.7.3"
      },
      "dependencies": {
        "commander": {
          "version": "7.2.0",
          "resolved": "http://devops.gsafety.com/nexus/repository/npm_public/commander/-/commander-7.2.0.tgz",
          "integrity": "sha1-o2y1fQtQHOEI5NIFWaFQo5HZerc=",
          "dev": true
        }
      }
    },
    "webpack-merge": {
      "version": "5.8.0",
      "resolved": "http://devops.gsafety.com/nexus/repository/npm_public/webpack-merge/-/webpack-merge-5.8.0.tgz",
      "integrity": "sha1-Kznb8ir4d3atdEw5AiNzHTCmj2E=",
      "dev": true,
      "requires": {
        "clone-deep": "^4.0.1",
        "wildcard": "^2.0.0"
      }
    },
    "webpack-sources": {
      "version": "3.2.0",
      "resolved": "http://devops.gsafety.com/nexus/repository/npm_public/webpack-sources/-/webpack-sources-3.2.0.tgz",
      "integrity": "sha1-sWlzvPhE682zr94y7aHATQuQ+J0=",
      "dev": true
    },
    "which": {
      "version": "2.0.2",
      "resolved": "http://devops.gsafety.com/nexus/repository/npm_public/which/-/which-2.0.2.tgz",
      "integrity": "sha1-fGqN0KY2oDJ+ELWckobu6T8/UbE=",
      "dev": true,
      "requires": {
        "isexe": "^2.0.0"
      }
    },
    "wildcard": {
      "version": "2.0.0",
      "resolved": "http://devops.gsafety.com/nexus/repository/npm_public/wildcard/-/wildcard-2.0.0.tgz",
      "integrity": "sha1-p30g5SAMb6qsl55LOq3Hs91/j+w=",
      "dev": true
    },
    "yocto-queue": {
      "version": "0.1.0",
      "resolved": "http://devops.gsafety.com/nexus/repository/npm_public/yocto-queue/-/yocto-queue-0.1.0.tgz",
      "integrity": "sha1-ApTrPe4FAo0x7hpfosVWpqrxChs=",
      "dev": true
    }
  }
}
